
Microsoft Visual Studio Solution File, Format Version 12.00
# Visual Studio 15
VisualStudioVersion = 15.0.28307.329
MinimumVisualStudioVersion = 10.0.40219.1
Project("{FAE04EC0-301F-11D3-BF4B-00C04F79EFBC}") = "SistemaMedico", "SistemaMedico\SistemaMedico.csproj", "{95783455-A4FE-4631-9751-14CF3B39D46B}"
EndProject
Global
	GlobalSection(SolutionConfigurationPlatforms) = preSolution
		Debug|Any CPU = Debug|Any CPU
		Release|Any CPU = Release|Any CPU
	EndGlobalSection
	GlobalSection(ProjectConfigurationPlatforms) = postSolution
		{95783455-A4FE-4631-9751-14CF3B39D46B}.Debug|Any CPU.ActiveCfg = Debug|Any CPU
		{95783455-A4FE-4631-9751-14CF3B39D46B}.Debug|Any CPU.Build.0 = Debug|Any CPU
		{95783455-A4FE-4631-9751-14CF3B39D46B}.Release|Any CPU.ActiveCfg = Release|Any CPU
		{95783455-A4FE-4631-9751-14CF3B39D46B}.Release|Any CPU.Build.0 = Release|Any CPU
	EndGlobalSection
	GlobalSection(SolutionProperties) = preSolution
		HideSolutionNode = FALSE
	EndGlobalSection
	GlobalSection(ExtensibilityGlobals) = postSolution
		SolutionGuid = {DC04D30C-9B55-48F8-B84E-B129A9DBFAAF}
	EndGlobalSection
EndGlobal
